
Microsoft Visual Studio Solution File, Format Version 12.00
# Visual Studio Version 17
VisualStudioVersion = 17.8.34408.163
MinimumVisualStudioVersion = 10.0.40219.1
Project("{8BC9CEB8-8B4A-11D0-8D11-00A0C91BC942}") = "HomeWork", "HomeWork.vcxproj", "{A18C0A06-303F-48CE-BB51-161C49C4548A}"
EndProject
Global
	GlobalSection(SolutionConfigurationPlatforms) = preSolution
		Debug|x64 = Debug|x64
		Debug|x86 = Debug|x86
		Release|x64 = Release|x64
		Release|x86 = Release|x86
	EndGlobalSection
	GlobalSection(ProjectConfigurationPlatforms) = postSolution
		{A18C0A06-303F-48CE-BB51-161C49C4548A}.Debug|x64.ActiveCfg = Debug|x64
		{A18C0A06-303F-48CE-BB51-161C49C4548A}.Debug|x64.Build.0 = Debug|x64
		{A18C0A06-303F-48CE-BB51-161C49C4548A}.Debug|x86.ActiveCfg = Debug|Win32
		{A18C0A06-303F-48CE-BB51-161C49C4548A}.Debug|x86.Build.0 = Debug|Win32
		{A18C0A06-303F-48CE-BB51-161C49C4548A}.Release|x64.ActiveCfg = Release|x64
		{A18C0A06-303F-48CE-BB51-161C49C4548A}.Release|x64.Build.0 = Release|x64
		{A18C0A06-303F-48CE-BB51-161C49C4548A}.Release|x86.ActiveCfg = Release|Win32
		{A18C0A06-303F-48CE-BB51-161C49C4548A}.Release|x86.Build.0 = Release|Win32
	EndGlobalSection
	GlobalSection(SolutionProperties) = preSolution
		HideSolutionNode = FALSE
	EndGlobalSection
	GlobalSection(ExtensibilityGlobals) = postSolution
		SolutionGuid = {8D1EBE33-5671-4BAF-95BF-B09E896DB24C}
	EndGlobalSection
EndGlobal
